
Microsoft Visual Studio Solution File, Format Version 12.00
# Visual Studio Version 16
VisualStudioVersion = 16.0.31729.503
MinimumVisualStudioVersion = 10.0.40219.1
Project("{FAE04EC0-301F-11D3-BF4B-00C04F79EFBC}") = "BodyMassIndex", "BodyMassIndex.csproj", "{78705004-6AE3-4AC4-84E3-8094278AF404}"
EndProject
Global
	GlobalSection(SolutionConfigurationPlatforms) = preSolution
		Debug|Any CPU = Debug|Any CPU
		Release|Any CPU = Release|Any CPU
	EndGlobalSection
	GlobalSection(ProjectConfigurationPlatforms) = postSolution
		{78705004-6AE3-4AC4-84E3-8094278AF404}.Debug|Any CPU.ActiveCfg = Debug|Any CPU
		{78705004-6AE3-4AC4-84E3-8094278AF404}.Debug|Any CPU.Build.0 = Debug|Any CPU
		{78705004-6AE3-4AC4-84E3-8094278AF404}.Release|Any CPU.ActiveCfg = Release|Any CPU
		{78705004-6AE3-4AC4-84E3-8094278AF404}.Release|Any CPU.Build.0 = Release|Any CPU
	EndGlobalSection
	GlobalSection(SolutionProperties) = preSolution
		HideSolutionNode = FALSE
	EndGlobalSection
	GlobalSection(ExtensibilityGlobals) = postSolution
		SolutionGuid = {23583733-2398-4C7F-A1E7-D8BC225E1691}
	EndGlobalSection
EndGlobal
